// !$*UTF8*$!
{
	archiveVersion = 1;
	classes = {
	};
	objectVersion = 46;
	objects = {

/* Begin PBXBuildFile section */
		15CB9E131DE2DE2100A6F158 /* AppDelegate.swift in Sources */ = {isa = PBXBuildFile; fileRef = 15CB9E121DE2DE2100A6F158 /* AppDelegate.swift */; };
		15CB9E151DE2DE2100A6F158 /* ViewController.swift in Sources */ = {isa = PBXBuildFile; fileRef = 15CB9E141DE2DE2100A6F158 /* ViewController.swift */; };
		15CB9E181DE2DE2100A6F158 /* Main.storyboard in Resources */ = {isa = PBXBuildFile; fileRef = 15CB9E161DE2DE2100A6F158 /* Main.storyboard */; };
		15CB9E1A1DE2DE2100A6F158 /* Assets.xcassets in Resources */ = {isa = PBXBuildFile; fileRef = 15CB9E191DE2DE2100A6F158 /* Assets.xcassets */; };
		15CB9E1D1DE2DE2100A6F158 /* LaunchScreen.storyboard in Resources */ = {isa = PBXBuildFile; fileRef = 15CB9E1B1DE2DE2100A6F158 /* LaunchScreen.storyboard */; };
		15CB9E281DE2DE3700A6F158 /* Blood.png in Resources */ = {isa = PBXBuildFile; fileRef = 15CB9E251DE2DE3700A6F158 /* Blood.png */; };
		15CB9E291DE2DE3700A6F158 /* Moon.png in Resources */ = {isa = PBXBuildFile; fileRef = 15CB9E261DE2DE3700A6F158 /* Moon.png */; };
		15CB9E2A1DE2DE3700A6F158 /* Sun.png in Resources */ = {isa = PBXBuildFile; fileRef = 15CB9E271DE2DE3700A6F158 /* Sun.png */; };
/* End PBXBuildFile section */

/* Begin PBXFileReference section */
		15CB9E0F1DE2DE2100A6F158 /* IWeather.app */ = {isa = PBXFileReference; explicitFileType = wrapper.application; includeInIndex = 0; path = IWeather.app; sourceTree = BUILT_PRODUCTS_DIR; };
		15CB9E121DE2DE2100A6F158 /* AppDelegate.swift */ = {isa = PBXFileReference; lastKnownFileType = sourcecode.swift; path = AppDelegate.swift; sourceTree = "<group>"; };
		15CB9E141DE2DE2100A6F158 /* ViewController.swift */ = {isa = PBXFileReference; lastKnownFileType = sourcecode.swift; path = ViewController.swift; sourceTree = "<group>"; };
		15CB9E171DE2DE2100A6F158 /* Base */ = {isa = PBXFileReference; lastKnownFileType = file.storyboard; name = Base; path = Base.lproj/Main.storyboard; sourceTree = "<group>"; };
		15CB9E191DE2DE2100A6F158 /* Assets.xcassets */ = {isa = PBXFileReference; lastKnownFileType = folder.assetcatalog; path = Assets.xcassets; sourceTree = "<group>"; };
		15CB9E1C1DE2DE2100A6F158 /* Base */ = {isa = PBXFileReference; lastKnownFileType = file.storyboard; name = Base; path = Base.lproj/LaunchScreen.storyboard; sourceTree = "<group>"; };
		15CB9E1E1DE2DE2100A6F158 /* Info.plist */ = {isa = PBXFileReference; lastKnownFileType = text.plist.xml; path = Info.plist; sourceTree = "<group>"; };
		15CB9E251DE2DE3700A6F158 /* Blood.png */ = {isa = PBXFileReference; lastKnownFileType = image.png; path = Blood.png; sourceTree = "<group>"; };
		15CB9E261DE2DE3700A6F158 /* Moon.png */ = {isa = PBXFileReference; lastKnownFileType = image.png; path = Moon.png; sourceTree = "<group>"; };
		15CB9E271DE2DE3700A6F158 /* Sun.png */ = {isa = PBXFileReference; lastKnownFileType = image.png; path = Sun.png; sourceTree = "<group>"; };
/* End PBXFileReference section */

/* Begin PBXFrameworksBuildPhase section */
		15CB9E0C1DE2DE2100A6F158 /* Frameworks */ = {
			isa = PBXFrameworksBuildPhase;
			buildActionMask = 2147483647;
			files = (
			);
			runOnlyForDeploymentPostprocessing = 0;
		};
/* End PBXFrameworksBuildPhase section */

/* Begin PBXGroup section */
		15CB9E061DE2DE2100A6F158 = {
			isa = PBXGroup;
			children = (
				15CB9E111DE2DE2100A6F158 /* IWeather */,
				15CB9E101DE2DE2100A6F158 /* Products */,
			);
			sourceTree = "<group>";
		};
		15CB9E101DE2DE2100A6F158 /* Products */ = {
			isa = PBXGroup;
			children = (
				15CB9E0F1DE2DE2100A6F158 /* IWeather.app */,
			);
			name = Products;
			sourceTree = "<group>";
		};
		15CB9E111DE2DE2100A6F158 /* IWeather */ = {
			isa = PBXGroup;
			children = (
				15CB9E121DE2DE2100A6F158 /* AppDelegate.swift */,
				15CB9E141DE2DE2100A6F158 /* ViewController.swift */,
				15CB9E161DE2DE2100A6F158 /* Main.storyboard */,
				15CB9E191DE2DE2100A6F158 /* Assets.xcassets */,
				15CB9E1B1DE2DE2100A6F158 /* LaunchScreen.storyboard */,
				15CB9E1E1DE2DE2100A6F158 /* Info.plist */,
				15CB9E241DE2DE3700A6F158 /* Background Images */,
			);
			path = IWeather;
			sourceTree = "<group>";
		};
		15CB9E241DE2DE3700A6F158 /* Background Images */ = {
			isa = PBXGroup;
			children = (
				15CB9E251DE2DE3700A6F158 /* Blood.png */,
				15CB9E261DE2DE3700A6F158 /* Moon.png */,
				15CB9E271DE2DE3700A6F158 /* Sun.png */,
			);
			path = "Background Images";
			sourceTree = "<group>";
		};
/* End PBXGroup section */

/* Begin PBXNativeTarget section */
		15CB9E0E1DE2DE2100A6F158 /* IWeather */ = {
			isa = PBXNativeTarget;
			buildConfigurationList = 15CB9E211DE2DE2100A6F158 /* Build configuration list for PBXNativeTarget "IWeather" */;
			buildPhases = (
				15CB9E0B1DE2DE2100A6F158 /* Sources */,
				15CB9E0C1DE2DE2100A6F158 /* Frameworks */,
				15CB9E0D1DE2DE2100A6F158 /* Resources */,
			);
			buildRules = (
			);
			dependencies = (
			);
			name = IWeather;
			productName = IWeather;
			productReference = 15CB9E0F1DE2DE2100A6F158 /* IWeather.app */;
			productType = "com.apple.product-type.application";
		};
/* End PBXNativeTarget section */

/* Begin PBXProject section */
		15CB9E071DE2DE2100A6F158 /* Project object */ = {
			isa = PBXProject;
			attributes = {
				LastSwiftUpdateCheck = 0810;
				LastUpgradeCheck = 0810;
				ORGANIZATIONNAME = Thang;
				TargetAttributes = {
					15CB9E0E1DE2DE2100A6F158 = {
						CreatedOnToolsVersion = 8.1;
						ProvisioningStyle = Automatic;
					};
				};
			};
			buildConfigurationList = 15CB9E0A1DE2DE2100A6F158 /* Build configuration list for PBXProject "IWeather" */;
			compatibilityVersion = "Xcode 3.2";
			developmentRegion = English;
			hasScannedForEncodings = 0;
			knownRegions = (
				en,
				Base,
			);
			mainGroup = 15CB9E061DE2DE2100A6F158;
			productRefGroup = 15CB9E101DE2DE2100A6F158 /* Products */;
			projectDirPath = "";
			projectRoot = "";
			targets = (
				15CB9E0E1DE2DE2100A6F158 /* IWeather */,
			);
		};
/* End PBXProject section */

/* Begin PBXResourcesBuildPhase section */
		15CB9E0D1DE2DE2100A6F158 /* Resources */ = {
			isa = PBXResourcesBuildPhase;
			buildActionMask = 2147483647;
			files = (
				15CB9E2A1DE2DE3700A6F158 /* Sun.png in Resources */,
				15CB9E281DE2DE3700A6F158 /* Blood.png in Resources */,
				15CB9E1D1DE2DE2100A6F158 /* LaunchScreen.storyboard in Resources */,
				15CB9E291DE2DE3700A6F158 /* Moon.png in Resources */,
				15CB9E1A1DE2DE2100A6F158 /* Assets.xcassets in Resources */,
				15CB9E181DE2DE2100A6F158 /* Main.storyboard in Resources */,
			);
			runOnlyForDeploymentPostprocessing = 0;
		};
/* End PBXResourcesBuildPhase section */

/* Begin PBXSourcesBuildPhase section */
		15CB9E0B1DE2DE2100A6F158 /* Sources */ = {
			isa = PBXSourcesBuildPhase;
			buildActionMask = 2147483647;
			files = (
				15CB9E151DE2DE2100A6F158 /* ViewController.swift in Sources */,
				15CB9E131DE2DE2100A6F158 /* AppDelegate.swift in Sources */,
			);
			runOnlyForDeploymentPostprocessing = 0;
		};
/* End PBXSourcesBuildPhase section */

/* Begin PBXVariantGroup section */
		15CB9E161DE2DE2100A6F158 /* Main.storyboard */ = {
			isa = PBXVariantGroup;
			children = (
				15CB9E171DE2DE2100A6F158 /* Base */,
			);
			name = Main.storyboard;
			sourceTree = "<group>";
		};
		15CB9E1B1DE2DE2100A6F158 /* LaunchScreen.storyboard */ = {
			isa = PBXVariantGroup;
			children = (
				15CB9E1C1DE2DE2100A6F158 /* Base */,
			);
			name = LaunchScreen.storyboard;
			sourceTree = "<group>";
		};
/* End PBXVariantGroup section */

/* Begin XCBuildConfiguration section */
		15CB9E1F1DE2DE2100A6F158 /* Debug */ = {
			isa = XCBuildConfiguration;
			buildSettings = {
				ALWAYS_SEARCH_USER_PATHS = NO;
				CLANG_ANALYZER_NONNULL = YES;
				CLANG_CXX_LANGUAGE_STANDARD = "gnu++0x";
				CLANG_CXX_LIBRARY = "libc++";
				CLANG_ENABLE_MODULES = YES;
				CLANG_ENABLE_OBJC_ARC = YES;
				CLANG_WARN_BOOL_CONVERSION = YES;
				CLANG_WARN_CONSTANT_CONVERSION = YES;
				CLANG_WARN_DIRECT_OBJC_ISA_USAGE = YES_ERROR;
				CLANG_WARN_DOCUMENTATION_COMMENTS = YES;
				CLANG_WARN_EMPTY_BODY = YES;
				CLANG_WARN_ENUM_CONVERSION = YES;
				CLANG_WARN_INFINITE_RECURSION = YES;
				CLANG_WARN_INT_CONVERSION = YES;
				CLANG_WARN_OBJC_ROOT_CLASS = YES_ERROR;
				CLANG_WARN_SUSPICIOUS_MOVES = YES;
				CLANG_WARN_UNREACHABLE_CODE = YES;
				CLANG_WARN__DUPLICATE_METHOD_MATCH = YES;
				"CODE_SIGN_IDENTITY[sdk=iphoneos*]" = "iPhone Developer";
				COPY_PHASE_STRIP = NO;
				DEBUG_INFORMATION_FORMAT = dwarf;
				ENABLE_STRICT_OBJC_MSGSEND = YES;
				ENABLE_TESTABILITY = YES;
				GCC_C_LANGUAGE_STANDARD = gnu99;
				GCC_DYNAMIC_NO_PIC = NO;
				GCC_NO_COMMON_BLOCKS = YES;
				GCC_OPTIMIZATION_LEVEL = 0;
				GCC_PREPROCESSOR_DEFINITIONS = (
					"DEBUG=1",
					"$(inherited)",
				);
				GCC_WARN_64_TO_32_BIT_CONVERSION = YES;
				GCC_WARN_ABOUT_RETURN_TYPE = YES_ERROR;
				GCC_WARN_UNDECLARED_SELECTOR = YES;
				GCC_WARN_UNINITIALIZED_AUTOS = YES_AGGRESSIVE;
				GCC_WARN_UNUSED_FUNCTION = YES;
				GCC_WARN_UNUSED_VARIABLE = YES;
				IPHONEOS_DEPLOYMENT_TARGET = 10.1;
				MTL_ENABLE_DEBUG_INFO = YES;
				ONLY_ACTIVE_ARCH = YES;
				SDKROOT = iphoneos;
				SWIFT_ACTIVE_COMPILATION_CONDITIONS = DEBUG;
				SWIFT_OPTIMIZATION_LEVEL = "-Onone";
			};
			name = Debug;
		};
		15CB9E201DE2DE2100A6F158 /* Release */ = {
			isa = XCBuildConfiguration;
			buildSettings = {
				ALWAYS_SEARCH_USER_PATHS = NO;
				CLANG_ANALYZER_NONNULL = YES;
				CLANG_CXX_LANGUAGE_STANDARD = "gnu++0x";
				CLANG_CXX_LIBRARY = "libc++";
				CLANG_ENABLE_MODULES = YES;
				CLANG_ENABLE_OBJC_ARC = YES;
				CLANG_WARN_BOOL_CONVERSION = YES;
				CLANG_WARN_CONSTANT_CONVERSION = YES;
				CLANG_WARN_DIRECT_OBJC_ISA_USAGE = YES_ERROR;
				CLANG_WARN_DOCUMENTATION_COMMENTS = YES;
				CLANG_WARN_EMPTY_BODY = YES;
				CLANG_WARN_ENUM_CONVERSION = YES;
				CLANG_WARN_INFINITE_RECURSION = YES;
				CLANG_WARN_INT_CONVERSION = YES;
				CLANG_WARN_OBJC_ROOT_CLASS = YES_ERROR;
				CLANG_WARN_SUSPICIOUS_MOVES = YES;
				CLANG_WARN_UNREACHABLE_CODE = YES;
				CLANG_WARN__DUPLICATE_METHOD_MATCH = YES;
				"CODE_SIGN_IDENTITY[sdk=iphoneos*]" = "iPhone Developer";
				COPY_PHASE_STRIP = NO;
				DEBUG_INFORMATION_FORMAT = "dwarf-with-dsym";
				ENABLE_NS_ASSERTIONS = NO;
				ENABLE_STRICT_OBJC_MSGSEND = YES;
				GCC_C_LANGUAGE_STANDARD = gnu99;
				GCC_NO_COMMON_BLOCKS = YES;
				GCC_WARN_64_TO_32_BIT_CONVERSION = YES;
				GCC_WARN_ABOUT_RETURN_TYPE = YES_ERROR;
				GCC_WARN_UNDECLARED_SELECTOR = YES;
				GCC_WARN_UNINITIALIZED_AUTOS = YES_AGGRESSIVE;
				GCC_WARN_UNUSED_FUNCTION = YES;
				GCC_WARN_UNUSED_VARIABLE = YES;
				IPHONEOS_DEPLOYMENT_TARGET = 10.1;
				MTL_ENABLE_DEBUG_INFO = NO;
				SDKROOT = iphoneos;
				SWIFT_OPTIMIZATION_LEVEL = "-Owholemodule";
				VALIDATE_PRODUCT = YES;
			};
			name = Release;
		};
		15CB9E221DE2DE2100A6F158 /* Debug */ = {
			isa = XCBuildConfiguration;
			buildSettings = {
				ASSETCATALOG_COMPILER_APPICON_NAME = AppIcon;
				INFOPLIST_FILE = IWeather/Info.plist;
				LD_RUNPATH_SEARCH_PATHS = "$(inherited) @executable_path/Frameworks";
				PRODUCT_BUNDLE_IDENTIFIER = Thang.IWeather;
				PRODUCT_NAME = "$(TARGET_NAME)";
				SWIFT_VERSION = 3.0;
			};
			name = Debug;
		};
		15CB9E231DE2DE2100A6F158 /* Release */ = {
			isa = XCBuildConfiguration;
			buildSettings = {
				ASSETCATALOG_COMPILER_APPICON_NAME = AppIcon;
				INFOPLIST_FILE = IWeather/Info.plist;
				LD_RUNPATH_SEARCH_PATHS = "$(inherited) @executable_path/Frameworks";
				PRODUCT_BUNDLE_IDENTIFIER = Thang.IWeather;
				PRODUCT_NAME = "$(TARGET_NAME)";
				SWIFT_VERSION = 3.0;
			};
			name = Release;
		};
/* End XCBuildConfiguration section */

/* Begin XCConfigurationList section */
		15CB9E0A1DE2DE2100A6F158 /* Build configuration list for PBXProject "IWeather" */ = {
			isa = XCConfigurationList;
			buildConfigurations = (
				15CB9E1F1DE2DE2100A6F158 /* Debug */,
				15CB9E201DE2DE2100A6F158 /* Release */,
			);
			defaultConfigurationIsVisible = 0;
			defaultConfigurationName = Release;
		};
		15CB9E211DE2DE2100A6F158 /* Build configuration list for PBXNativeTarget "IWeather" */ = {
			isa = XCConfigurationList;
			buildConfigurations = (
				15CB9E221DE2DE2100A6F158 /* Debug */,
				15CB9E231DE2DE2100A6F158 /* Release */,
			);
			defaultConfigurationIsVisible = 0;
		};
/* End XCConfigurationList section */
	};
	rootObject = 15CB9E071DE2DE2100A6F158 /* Project object */;
}
